
Microsoft Visual Studio Solution File, Format Version 12.00
# Visual Studio Version 16
VisualStudioVersion = 16.0.31229.75
MinimumVisualStudioVersion = 10.0.40219.1
Project("{FAE04EC0-301F-11D3-BF4B-00C04F79EFBC}") = "TP4", "TP4\TP4.csproj", "{B94DEEA9-0AC8-4350-A42B-FB172D7FD536}"
EndProject
Global
	GlobalSection(SolutionConfigurationPlatforms) = preSolution
		Debug|Any CPU = Debug|Any CPU
		Release|Any CPU = Release|Any CPU
	EndGlobalSection
	GlobalSection(ProjectConfigurationPlatforms) = postSolution
		{B94DEEA9-0AC8-4350-A42B-FB172D7FD536}.Debug|Any CPU.ActiveCfg = Debug|Any CPU
		{B94DEEA9-0AC8-4350-A42B-FB172D7FD536}.Debug|Any CPU.Build.0 = Debug|Any CPU
		{B94DEEA9-0AC8-4350-A42B-FB172D7FD536}.Release|Any CPU.ActiveCfg = Release|Any CPU
		{B94DEEA9-0AC8-4350-A42B-FB172D7FD536}.Release|Any CPU.Build.0 = Release|Any CPU
	EndGlobalSection
	GlobalSection(SolutionProperties) = preSolution
		HideSolutionNode = FALSE
	EndGlobalSection
	GlobalSection(ExtensibilityGlobals) = postSolution
		SolutionGuid = {4A902777-5CC8-4591-8B48-C73BDBC3CDD5}
	EndGlobalSection
EndGlobal
